
Microsoft Visual Studio Solution File, Format Version 12.00
# Visual Studio Version 16
VisualStudioVersion = 16.0.30225.117
MinimumVisualStudioVersion = 10.0.40219.1
Project("{FAE04EC0-301F-11D3-BF4B-00C04F79EFBC}") = "TiltTurnGround", "TiltTurnGround\TiltTurnGround.csproj", "{1647B169-D660-43CE-9B74-F263C25BEA6A}"
EndProject
Project("{FAE04EC0-301F-11D3-BF4B-00C04F79EFBC}") = "TiltTurnAir", "TiltTurnAir\TiltTurnAir.csproj", "{E4325173-7FBF-4271-94E7-E29237C06600}"
EndProject
Global
	GlobalSection(SolutionConfigurationPlatforms) = preSolution
		Debug|Any CPU = Debug|Any CPU
		Release|Any CPU = Release|Any CPU
	EndGlobalSection
	GlobalSection(ProjectConfigurationPlatforms) = postSolution
		{1647B169-D660-43CE-9B74-F263C25BEA6A}.Debug|Any CPU.ActiveCfg = Debug|Any CPU
		{1647B169-D660-43CE-9B74-F263C25BEA6A}.Debug|Any CPU.Build.0 = Debug|Any CPU
		{1647B169-D660-43CE-9B74-F263C25BEA6A}.Release|Any CPU.ActiveCfg = Release|Any CPU
		{1647B169-D660-43CE-9B74-F263C25BEA6A}.Release|Any CPU.Build.0 = Release|Any CPU
		{E4325173-7FBF-4271-94E7-E29237C06600}.Debug|Any CPU.ActiveCfg = Debug|Any CPU
		{E4325173-7FBF-4271-94E7-E29237C06600}.Debug|Any CPU.Build.0 = Debug|Any CPU
		{E4325173-7FBF-4271-94E7-E29237C06600}.Release|Any CPU.ActiveCfg = Release|Any CPU
		{E4325173-7FBF-4271-94E7-E29237C06600}.Release|Any CPU.Build.0 = Release|Any CPU
	EndGlobalSection
	GlobalSection(SolutionProperties) = preSolution
		HideSolutionNode = FALSE
	EndGlobalSection
	GlobalSection(ExtensibilityGlobals) = postSolution
		SolutionGuid = {91FE45E3-58D9-411A-A1C1-8473DD15F10C}
	EndGlobalSection
EndGlobal
